
Microsoft Visual Studio Solution File, Format Version 12.00
# Visual Studio Version 16
VisualStudioVersion = 16.0.31229.75
MinimumVisualStudioVersion = 10.0.40219.1
Project("{9A19103F-16F7-4668-BE54-9A1E7A4F7556}") = "TFCastGroup.Api", "TFCastGroup.Api\TFCastGroup.Api.csproj", "{0E80C320-20F8-4D22-AEFA-D23E0F96EB85}"
EndProject
Project("{2150E333-8FDC-42A3-9474-1A3956D46DE8}") = "Application", "Application", "{517A187A-0EBE-41DD-96E0-E54696BD2CA2}"
EndProject
Project("{2150E333-8FDC-42A3-9474-1A3956D46DE8}") = "Domain", "Domain", "{96CC87A8-51A9-4072-8745-0BEC32802019}"
EndProject
Project("{2150E333-8FDC-42A3-9474-1A3956D46DE8}") = "Service", "Service", "{7C326B52-491F-42DF-8F93-2259BDD3A592}"
EndProject
Project("{2150E333-8FDC-42A3-9474-1A3956D46DE8}") = "Infra", "Infra", "{530D09BE-492D-442C-AEF2-2DAD8135B893}"
EndProject
Project("{9A19103F-16F7-4668-BE54-9A1E7A4F7556}") = "TFCastGroup.Domain", "TFCastGroup.Domain\TFCastGroup.Domain.csproj", "{3025E944-23FF-4F81-92C5-2D88FEEAB69F}"
EndProject
Project("{9A19103F-16F7-4668-BE54-9A1E7A4F7556}") = "TFCastGroup.Infra", "TFCastGroup.Infra\TFCastGroup.Infra.csproj", "{BC989023-9022-4A81-99F6-4165BFBFD7D8}"
EndProject
Project("{9A19103F-16F7-4668-BE54-9A1E7A4F7556}") = "TFCastGroup.Service", "TFCastGroup.Service\TFCastGroup.Service.csproj", "{DCB08B2C-045E-49D1-BA5B-5FBB5DBA16B5}"
EndProject
Project("{2150E333-8FDC-42A3-9474-1A3956D46DE8}") = "Dto", "Dto", "{5A864DF5-DD87-43FB-AE5A-22A76A4F1F1B}"
EndProject
Project("{9A19103F-16F7-4668-BE54-9A1E7A4F7556}") = "TFCastGroup.Dto", "TFCastGroup.Dto\TFCastGroup.Dto.csproj", "{269CC842-4EF4-4DBA-BE1A-1C025D4A8394}"
EndProject
Project("{2150E333-8FDC-42A3-9474-1A3956D46DE8}") = "TDD", "TDD", "{B2BC2195-0E29-44C0-BEE5-C947BABD1158}"
EndProject
Project("{FAE04EC0-301F-11D3-BF4B-00C04F79EFBC}") = "TFCastGroup.TDD", "TFCastGroup.TDD\TFCastGroup.TDD.csproj", "{CE5DA320-B651-4BE9-9114-AE4FE9112040}"
EndProject
Global
	GlobalSection(SolutionConfigurationPlatforms) = preSolution
		Debug|Any CPU = Debug|Any CPU
		Release|Any CPU = Release|Any CPU
	EndGlobalSection
	GlobalSection(ProjectConfigurationPlatforms) = postSolution
		{0E80C320-20F8-4D22-AEFA-D23E0F96EB85}.Debug|Any CPU.ActiveCfg = Debug|Any CPU
		{0E80C320-20F8-4D22-AEFA-D23E0F96EB85}.Debug|Any CPU.Build.0 = Debug|Any CPU
		{0E80C320-20F8-4D22-AEFA-D23E0F96EB85}.Release|Any CPU.ActiveCfg = Release|Any CPU
		{0E80C320-20F8-4D22-AEFA-D23E0F96EB85}.Release|Any CPU.Build.0 = Release|Any CPU
		{3025E944-23FF-4F81-92C5-2D88FEEAB69F}.Debug|Any CPU.ActiveCfg = Debug|Any CPU
		{3025E944-23FF-4F81-92C5-2D88FEEAB69F}.Debug|Any CPU.Build.0 = Debug|Any CPU
		{3025E944-23FF-4F81-92C5-2D88FEEAB69F}.Release|Any CPU.ActiveCfg = Release|Any CPU
		{3025E944-23FF-4F81-92C5-2D88FEEAB69F}.Release|Any CPU.Build.0 = Release|Any CPU
		{BC989023-9022-4A81-99F6-4165BFBFD7D8}.Debug|Any CPU.ActiveCfg = Debug|Any CPU
		{BC989023-9022-4A81-99F6-4165BFBFD7D8}.Debug|Any CPU.Build.0 = Debug|Any CPU
		{BC989023-9022-4A81-99F6-4165BFBFD7D8}.Release|Any CPU.ActiveCfg = Release|Any CPU
		{BC989023-9022-4A81-99F6-4165BFBFD7D8}.Release|Any CPU.Build.0 = Release|Any CPU
		{DCB08B2C-045E-49D1-BA5B-5FBB5DBA16B5}.Debug|Any CPU.ActiveCfg = Debug|Any CPU
		{DCB08B2C-045E-49D1-BA5B-5FBB5DBA16B5}.Debug|Any CPU.Build.0 = Debug|Any CPU
		{DCB08B2C-045E-49D1-BA5B-5FBB5DBA16B5}.Release|Any CPU.ActiveCfg = Release|Any CPU
		{DCB08B2C-045E-49D1-BA5B-5FBB5DBA16B5}.Release|Any CPU.Build.0 = Release|Any CPU
		{269CC842-4EF4-4DBA-BE1A-1C025D4A8394}.Debug|Any CPU.ActiveCfg = Debug|Any CPU
		{269CC842-4EF4-4DBA-BE1A-1C025D4A8394}.Debug|Any CPU.Build.0 = Debug|Any CPU
		{269CC842-4EF4-4DBA-BE1A-1C025D4A8394}.Release|Any CPU.ActiveCfg = Release|Any CPU
		{269CC842-4EF4-4DBA-BE1A-1C025D4A8394}.Release|Any CPU.Build.0 = Release|Any CPU
		{CE5DA320-B651-4BE9-9114-AE4FE9112040}.Debug|Any CPU.ActiveCfg = Debug|Any CPU
		{CE5DA320-B651-4BE9-9114-AE4FE9112040}.Debug|Any CPU.Build.0 = Debug|Any CPU
		{CE5DA320-B651-4BE9-9114-AE4FE9112040}.Release|Any CPU.ActiveCfg = Release|Any CPU
		{CE5DA320-B651-4BE9-9114-AE4FE9112040}.Release|Any CPU.Build.0 = Release|Any CPU
	EndGlobalSection
	GlobalSection(SolutionProperties) = preSolution
		HideSolutionNode = FALSE
	EndGlobalSection
	GlobalSection(NestedProjects) = preSolution
		{7C326B52-491F-42DF-8F93-2259BDD3A592} = {517A187A-0EBE-41DD-96E0-E54696BD2CA2}
		{3025E944-23FF-4F81-92C5-2D88FEEAB69F} = {96CC87A8-51A9-4072-8745-0BEC32802019}
		{BC989023-9022-4A81-99F6-4165BFBFD7D8} = {530D09BE-492D-442C-AEF2-2DAD8135B893}
		{DCB08B2C-045E-49D1-BA5B-5FBB5DBA16B5} = {7C326B52-491F-42DF-8F93-2259BDD3A592}
		{5A864DF5-DD87-43FB-AE5A-22A76A4F1F1B} = {517A187A-0EBE-41DD-96E0-E54696BD2CA2}
		{269CC842-4EF4-4DBA-BE1A-1C025D4A8394} = {5A864DF5-DD87-43FB-AE5A-22A76A4F1F1B}
		{CE5DA320-B651-4BE9-9114-AE4FE9112040} = {B2BC2195-0E29-44C0-BEE5-C947BABD1158}
	EndGlobalSection
	GlobalSection(ExtensibilityGlobals) = postSolution
		SolutionGuid = {0C2D881D-3A56-44FB-8088-4C093A30CCE9}
	EndGlobalSection
EndGlobal
